PODS:
  - AWSCognito (2.5.3):
    - AWSCore (= 2.5.3)
  - AWSCore (2.5.3)
  - AWSS3 (2.5.3):
    - AWSCore (= 2.5.3)
  - Reflection (0.14.3)
  - Starscream (2.0.4)
  - SwiftKVC (3.0.0):
    - Reflection (~> 0.14.3)
  - SwiftyJSON (3.1.4)

DEPENDENCIES:
  - AWSCognito
  - AWSCore
  - AWSS3
  - Starscream
  - SwiftKVC (~> 3.0.0)
  - SwiftyJSON

SPEC CHECKSUMS:
  AWSCognito: 74be06e52a2a063ab932a9d457a89e003d68631d
  AWSCore: 344e21892790650cf902246d436402257a545bde
  AWSS3: 88095d68f9d588eaa042d7f502f350234f98f606
  Reflection: 93327e50981227ac33c18274fcbaed33b1127811
  Starscream: df5974ee928b157c8eda8af8de7c620276b7dfcc
  SwiftKVC: 95a7c435ad4e93c06ac68434fac795d72a792a7a
  SwiftyJSON: c2842d878f95482ffceec5709abc3d05680c0220

PODFILE CHECKSUM: c3808ae1bcb2e3fb26e30b1668304f63e8ea9171

COCOAPODS: 1.0.1
