PODS:
  - AWSCognito (2.9.8):
    - AWSCore (= 2.9.8)
  - AWSCore (2.9.8)
  - AWSS3 (2.9.8):
    - AWSCore (= 2.9.8)
  - Starscream (3.1.0)
  - SwiftyJSON (5.0.0)

DEPENDENCIES:
  - AWSCognito
  - AWSCore
  - AWSS3
  - Starscream
  - SwiftyJSON

SPEC REPOS:
  https://github.com/cocoapods/specs.git:
    - AWSCognito
    - AWSCore
    - AWSS3
    - Starscream
    - SwiftyJSON

SPEC CHECKSUMS:
  AWSCognito: b9890c55e85fba46fd9695192ab64420abbc4328
  AWSCore: 5da86c5afde44a87b06a2df50601bca81a8cee13
  AWSS3: a5e12eb2495bbe49cda8b0595fa77280aacd7d3d
  Starscream: 08172b481e145289c4930cb567230fb55897cfa4
  SwiftyJSON: 36413e04c44ee145039d332b4f4e2d3e8d6c4db7

PODFILE CHECKSUM: 287b68e57b1f59811042e723026dbc4b5765b283

COCOAPODS: 1.6.2
